{
  "version": 4,
  "terraform_version": "1.13.3",
  "serial": 28,
  "lineage": "38154d42-955d-6c4a-39d1-9b1c0f507e2e",
  "outputs": {},
  "resources": [
    {
      "mode": "managed",
      "type": "akamai_gtm_datacenter",
      "name": "origin_dc",
      "provider": "provider[\"registry.terraform.io/akamai/akamai\"]",
      "instances": [
        {
          "schema_version": 0,
          "attributes": {
            "city": "San Jose",
            "clone_of": 0,
            "cloud_server_host_header_override": false,
            "cloud_server_targeting": false,
            "continent": "SA",
            "country": "CR",
            "datacenter_id": 1,
            "default_load_object": [],
            "domain": "jviquezc6.akadns.net",
            "id": "jviquezc6.akadns.net:1",
            "latitude": 0,
            "longitude": 0,
            "nickname": "origin-dc",
            "ping_interval": 0,
            "ping_packet_size": 0,
            "score_penalty": 0,
            "servermonitor_liveness_count": 0,
            "servermonitor_load_count": 0,
            "servermonitor_pool": "",
            "state_or_province": "SJ",
            "virtual": true,
            "wait_on_complete": true
          },
          "sensitive_attributes": [],
          "identity_schema_version": 0,
          "private": "bnVsbA=="
        }
      ]
    },
    {
      "mode": "managed",
      "type": "akamai_gtm_domain",
      "name": "my-domain",
      "provider": "provider[\"registry.terraform.io/akamai/akamai\"]",
      "instances": [
        {
          "schema_version": 0,
          "attributes": {
            "cname_coalescing_enabled": false,
            "comment": "Sample comment",
            "contract": "ctr_1-1NC95D",
            "default_error_penalty": 75,
            "default_health_max": 0,
            "default_health_multiplier": 0,
            "default_health_threshold": 0,
            "default_max_unreachable_penalty": 0,
            "default_ssl_client_certificate": "",
            "default_ssl_client_private_key": "",
            "default_timeout_penalty": 25,
            "default_unreachable_threshold": 0,
            "email_notification_list": [
              "jviquezc@akamai.com"
            ],
            "end_user_mapping_enabled": false,
            "group": "19293",
            "id": "jviquezc6.akadns.net",
            "load_feedback": false,
            "load_imbalance_percentage": 0,
            "map_update_interval": 600,
            "max_properties": 100,
            "max_resources": 512,
            "max_test_timeout": 60,
            "max_ttl": 172800,
            "min_pingable_region_fraction": 0,
            "min_test_interval": 10,
            "min_ttl": 30,
            "name": "jviquezc6.akadns.net",
            "ping_interval": 0,
            "ping_packet_size": 0,
            "round_robin_prefix": "",
            "servermonitor_liveness_count": 0,
            "servermonitor_load_count": 0,
            "servermonitor_pool": "",
            "sign_and_serve": false,
            "sign_and_serve_algorithm": null,
            "type": "basic",
            "wait_on_complete": true
          },
          "sensitive_attributes": [],
          "identity_schema_version": 0,
          "private": "bnVsbA=="
        }
      ]
    },
    {
      "mode": "managed",
      "type": "akamai_gtm_property",
      "name": "demo_property",
      "provider": "provider[\"registry.terraform.io/akamai/akamai\"]",
      "instances": [
        {
          "schema_version": 0,
          "attributes": {
            "backup_cname": "",
            "backup_ip": "",
            "balance_by_download_score": false,
            "cname": "",
            "comments": "",
            "domain": "jviquezc6.akadns.net",
            "dynamic_ttl": 300,
            "failback_delay": 0,
            "failover_delay": 0,
            "ghost_demand_reporting": false,
            "handout_limit": 5,
            "handout_mode": "normal",
            "health_max": 0,
            "health_multiplier": 0,
            "health_threshold": 0,
            "id": "jviquezc6.akadns.net:terraform-demo",
            "ipv6": false,
            "liveness_test": [],
            "load_imbalance_percentage": 0,
            "map_name": "",
            "max_unreachable_penalty": 0,
            "min_live_fraction": 0,
            "name": "terraform-demo",
            "score_aggregation_type": "median",
            "static_rr_set": [],
            "stickiness_bonus_constant": 0,
            "stickiness_bonus_percentage": 0,
            "traffic_target": [
              {
                "datacenter_id": 1,
                "enabled": true,
                "handout_cname": "",
                "precedence": 0,
                "servers": [
                  "akamaiflowershop.com"
                ],
                "weight": 1
              }
            ],
            "type": "weighted-round-robin",
            "unreachable_threshold": 0,
            "use_computed_targets": false,
            "wait_on_complete": true,
            "weighted_hash_bits_for_ipv4": 0,
            "weighted_hash_bits_for_ipv6": 0
          },
          "sensitive_attributes": [],
          "identity_schema_version": 0,
          "private": "bnVsbA==",
          "dependencies": [
            "akamai_gtm_datacenter.origin_dc"
          ]
        }
      ]
    }
  ],
  "check_results": null
}
